
Microsoft Visual Studio Solution File, Format Version 12.00
# Visual Studio Version 17
VisualStudioVersion = 17.5.002.0
MinimumVisualStudioVersion = 10.0.40219.1
Project("{9A19103F-16F7-4668-BE54-9A1E7A4F7556}") = "CSharp", "Program\CSharp.csproj", "{96780161-1E12-412D-B1BD-7F752CFA1770}"
EndProject
Global
	GlobalSection(SolutionConfigurationPlatforms) = preSolution
		Debug|Any CPU = Debug|Any CPU
		Release|Any CPU = Release|Any CPU
	EndGlobalSection
	GlobalSection(ProjectConfigurationPlatforms) = postSolution
		{96780161-1E12-412D-B1BD-7F752CFA1770}.Debug|Any CPU.ActiveCfg = Debug|Any CPU
		{96780161-1E12-412D-B1BD-7F752CFA1770}.Debug|Any CPU.Build.0 = Debug|Any CPU
		{96780161-1E12-412D-B1BD-7F752CFA1770}.Release|Any CPU.ActiveCfg = Release|Any CPU
		{96780161-1E12-412D-B1BD-7F752CFA1770}.Release|Any CPU.Build.0 = Release|Any CPU
	EndGlobalSection
	GlobalSection(SolutionProperties) = preSolution
		HideSolutionNode = FALSE
	EndGlobalSection
	GlobalSection(ExtensibilityGlobals) = postSolution
		SolutionGuid = {C73ED94B-A752-4AD9-A958-9868EE3871D6}
	EndGlobalSection
EndGlobal
